
Microsoft Visual Studio Solution File, Format Version 12.00
# Visual Studio Version 16
VisualStudioVersion = 16.0.30907.101
MinimumVisualStudioVersion = 10.0.40219.1
Project("{8BC9CEB8-8B4A-11D0-8D11-00A0C91BC942}") = "Example_4", "Example_4\Example_4.vcxproj", "{22F37577-9674-4AB6-A060-A1400F0C2A50}"
EndProject
Global
	GlobalSection(SolutionConfigurationPlatforms) = preSolution
		Debug|x64 = Debug|x64
		Debug|x86 = Debug|x86
		Release|x64 = Release|x64
		Release|x86 = Release|x86
	EndGlobalSection
	GlobalSection(ProjectConfigurationPlatforms) = postSolution
		{22F37577-9674-4AB6-A060-A1400F0C2A50}.Debug|x64.ActiveCfg = Debug|x64
		{22F37577-9674-4AB6-A060-A1400F0C2A50}.Debug|x64.Build.0 = Debug|x64
		{22F37577-9674-4AB6-A060-A1400F0C2A50}.Debug|x86.ActiveCfg = Debug|Win32
		{22F37577-9674-4AB6-A060-A1400F0C2A50}.Debug|x86.Build.0 = Debug|Win32
		{22F37577-9674-4AB6-A060-A1400F0C2A50}.Release|x64.ActiveCfg = Release|x64
		{22F37577-9674-4AB6-A060-A1400F0C2A50}.Release|x64.Build.0 = Release|x64
		{22F37577-9674-4AB6-A060-A1400F0C2A50}.Release|x86.ActiveCfg = Release|Win32
		{22F37577-9674-4AB6-A060-A1400F0C2A50}.Release|x86.Build.0 = Release|Win32
	EndGlobalSection
	GlobalSection(SolutionProperties) = preSolution
		HideSolutionNode = FALSE
	EndGlobalSection
	GlobalSection(ExtensibilityGlobals) = postSolution
		SolutionGuid = {A138FEB9-3028-41DD-80C9-49FECDBA83A4}
	EndGlobalSection
EndGlobal
