
Microsoft Visual Studio Solution File, Format Version 11.00
# Visual Studio 2010
Project("{8BC9CEB8-8B4A-11D0-8D11-00A0C91BC942}") = "animation_dolly", "animation_dolly.vcxproj", "{360CE63A-F6F4-F5B1-B19A-2DBD4A806375}"
EndProject
Global
	GlobalSection(SolutionConfigurationPlatforms) = preSolution
		Debug|Win32 = Debug|Win32
		Release|Win32 = Release|Win32
	EndGlobalSection
	GlobalSection(ProjectConfigurationPlatforms) = postSolution
		{360CE63A-F6F4-F5B1-B19A-2DBD4A806375}.Debug|Win32.ActiveCfg = Debug|Win32
		{360CE63A-F6F4-F5B1-B19A-2DBD4A806375}.Debug|Win32.Build.0 = Debug|Win32
		{360CE63A-F6F4-F5B1-B19A-2DBD4A806375}.Release|Win32.ActiveCfg = Release|Win32
		{360CE63A-F6F4-F5B1-B19A-2DBD4A806375}.Release|Win32.Build.0 = Release|Win32
	EndGlobalSection
	GlobalSection(SolutionProperties) = preSolution
		HideSolutionNode = FALSE
	EndGlobalSection
EndGlobal
