
Microsoft Visual Studio Solution File, Format Version 12.00
# Visual Studio 15
VisualStudioVersion = 15.0.28307.329
MinimumVisualStudioVersion = 10.0.40219.1
Project("{8BC9CEB8-8B4A-11D0-8D11-00A0C91BC942}") = "10_12", "10_12\10_12.vcxproj", "{F5873CF8-400D-48A5-8646-9FF96F5425FB}"
EndProject
Global
	GlobalSection(SolutionConfigurationPlatforms) = preSolution
		Debug|x64 = Debug|x64
		Debug|x86 = Debug|x86
		Release|x64 = Release|x64
		Release|x86 = Release|x86
	EndGlobalSection
	GlobalSection(ProjectConfigurationPlatforms) = postSolution
		{F5873CF8-400D-48A5-8646-9FF96F5425FB}.Debug|x64.ActiveCfg = Debug|x64
		{F5873CF8-400D-48A5-8646-9FF96F5425FB}.Debug|x64.Build.0 = Debug|x64
		{F5873CF8-400D-48A5-8646-9FF96F5425FB}.Debug|x86.ActiveCfg = Debug|Win32
		{F5873CF8-400D-48A5-8646-9FF96F5425FB}.Debug|x86.Build.0 = Debug|Win32
		{F5873CF8-400D-48A5-8646-9FF96F5425FB}.Release|x64.ActiveCfg = Release|x64
		{F5873CF8-400D-48A5-8646-9FF96F5425FB}.Release|x64.Build.0 = Release|x64
		{F5873CF8-400D-48A5-8646-9FF96F5425FB}.Release|x86.ActiveCfg = Release|Win32
		{F5873CF8-400D-48A5-8646-9FF96F5425FB}.Release|x86.Build.0 = Release|Win32
	EndGlobalSection
	GlobalSection(SolutionProperties) = preSolution
		HideSolutionNode = FALSE
	EndGlobalSection
	GlobalSection(ExtensibilityGlobals) = postSolution
		SolutionGuid = {02D1C7CE-C3E7-448B-9E03-AE38CC26E232}
	EndGlobalSection
EndGlobal
